
Microsoft Visual Studio Solution File, Format Version 12.00
# Visual Studio 15
VisualStudioVersion = 15.0.28307.421
MinimumVisualStudioVersion = 10.0.40219.1
Project("{FAE04EC0-301F-11D3-BF4B-00C04F79EFBC}") = "Sales.Android", "Sales\Sales.Android\Sales.Android.csproj", "{D551106A-47C3-4B24-BC6F-06F3DEAC0716}"
EndProject
Project("{FAE04EC0-301F-11D3-BF4B-00C04F79EFBC}") = "Sales.iOS", "Sales\Sales.iOS\Sales.iOS.csproj", "{644A0EAD-5DF8-46C5-97E9-4EBC00A5261B}"
EndProject
Project("{9A19103F-16F7-4668-BE54-9A1E7A4F7556}") = "Sales", "Sales\Sales\Sales.csproj", "{3C271704-711B-461E-A3CB-D8AC10DB8456}"
EndProject
Project("{FAE04EC0-301F-11D3-BF4B-00C04F79EFBC}") = "Sales.Backend", "Sales.Backend\Sales.Backend.csproj", "{E6C84823-0627-4237-B7D5-F0355A790D48}"
EndProject
Project("{FAE04EC0-301F-11D3-BF4B-00C04F79EFBC}") = "Sales.API", "Sales.API\Sales.API.csproj", "{8FB834CC-B381-4EFF-AF43-952A4FD9DDAB}"
EndProject
Project("{FAE04EC0-301F-11D3-BF4B-00C04F79EFBC}") = "Sales.Domain", "Sales.Domain\Sales.Domain.csproj", "{F426EF94-3AE4-4B2F-9087-12854CA54EFB}"
EndProject
Project("{FAE04EC0-301F-11D3-BF4B-00C04F79EFBC}") = "Sales.Common", "Sales.Common\Sales.Common.csproj", "{403E8AC5-54DF-468C-89E7-F44B9775A370}"
EndProject
Global
	GlobalSection(SolutionConfigurationPlatforms) = preSolution
		Ad-Hoc|Any CPU = Ad-Hoc|Any CPU
		Ad-Hoc|iPhone = Ad-Hoc|iPhone
		Ad-Hoc|iPhoneSimulator = Ad-Hoc|iPhoneSimulator
		AppStore|Any CPU = AppStore|Any CPU
		AppStore|iPhone = AppStore|iPhone
		AppStore|iPhoneSimulator = AppStore|iPhoneSimulator
		Debug|Any CPU = Debug|Any CPU
		Debug|iPhone = Debug|iPhone
		Debug|iPhoneSimulator = Debug|iPhoneSimulator
		Release|Any CPU = Release|Any CPU
		Release|iPhone = Release|iPhone
		Release|iPhoneSimulator = Release|iPhoneSimulator
	EndGlobalSection
	GlobalSection(ProjectConfigurationPlatforms) = postSolution
		{D551106A-47C3-4B24-BC6F-06F3DEAC0716}.Ad-Hoc|Any CPU.ActiveCfg = Release|Any CPU
		{D551106A-47C3-4B24-BC6F-06F3DEAC0716}.Ad-Hoc|Any CPU.Build.0 = Release|Any CPU
		{D551106A-47C3-4B24-BC6F-06F3DEAC0716}.Ad-Hoc|Any CPU.Deploy.0 = Release|Any CPU
		{D551106A-47C3-4B24-BC6F-06F3DEAC0716}.Ad-Hoc|iPhone.ActiveCfg = Release|Any CPU
		{D551106A-47C3-4B24-BC6F-06F3DEAC0716}.Ad-Hoc|iPhone.Build.0 = Release|Any CPU
		{D551106A-47C3-4B24-BC6F-06F3DEAC0716}.Ad-Hoc|iPhone.Deploy.0 = Release|Any CPU
		{D551106A-47C3-4B24-BC6F-06F3DEAC0716}.Ad-Hoc|iPhoneSimulator.ActiveCfg = Release|Any CPU
		{D551106A-47C3-4B24-BC6F-06F3DEAC0716}.Ad-Hoc|iPhoneSimulator.Build.0 = Release|Any CPU
		{D551106A-47C3-4B24-BC6F-06F3DEAC0716}.Ad-Hoc|iPhoneSimulator.Deploy.0 = Release|Any CPU
		{D551106A-47C3-4B24-BC6F-06F3DEAC0716}.AppStore|Any CPU.ActiveCfg = Release|Any CPU
		{D551106A-47C3-4B24-BC6F-06F3DEAC0716}.AppStore|Any CPU.Build.0 = Release|Any CPU
		{D551106A-47C3-4B24-BC6F-06F3DEAC0716}.AppStore|Any CPU.Deploy.0 = Release|Any CPU
		{D551106A-47C3-4B24-BC6F-06F3DEAC0716}.AppStore|iPhone.ActiveCfg = Release|Any CPU
		{D551106A-47C3-4B24-BC6F-06F3DEAC0716}.AppStore|iPhone.Build.0 = Release|Any CPU
		{D551106A-47C3-4B24-BC6F-06F3DEAC0716}.AppStore|iPhone.Deploy.0 = Release|Any CPU
		{D551106A-47C3-4B24-BC6F-06F3DEAC0716}.AppStore|iPhoneSimulator.ActiveCfg = Release|Any CPU
		{D551106A-47C3-4B24-BC6F-06F3DEAC0716}.AppStore|iPhoneSimulator.Build.0 = Release|Any CPU
		{D551106A-47C3-4B24-BC6F-06F3DEAC0716}.AppStore|iPhoneSimulator.Deploy.0 = Release|Any CPU
		{D551106A-47C3-4B24-BC6F-06F3DEAC0716}.Debug|Any CPU.ActiveCfg = Debug|Any CPU
		{D551106A-47C3-4B24-BC6F-06F3DEAC0716}.Debug|Any CPU.Build.0 = Debug|Any CPU
		{D551106A-47C3-4B24-BC6F-06F3DEAC0716}.Debug|Any CPU.Deploy.0 = Debug|Any CPU
		{D551106A-47C3-4B24-BC6F-06F3DEAC0716}.Debug|iPhone.ActiveCfg = Debug|Any CPU
		{D551106A-47C3-4B24-BC6F-06F3DEAC0716}.Debug|iPhone.Build.0 = Debug|Any CPU
		{D551106A-47C3-4B24-BC6F-06F3DEAC0716}.Debug|iPhone.Deploy.0 = Debug|Any CPU
		{D551106A-47C3-4B24-BC6F-06F3DEAC0716}.Debug|iPhoneSimulator.ActiveCfg = Debug|Any CPU
		{D551106A-47C3-4B24-BC6F-06F3DEAC0716}.Debug|iPhoneSimulator.Build.0 = Debug|Any CPU
		{D551106A-47C3-4B24-BC6F-06F3DEAC0716}.Debug|iPhoneSimulator.Deploy.0 = Debug|Any CPU
		{D551106A-47C3-4B24-BC6F-06F3DEAC0716}.Release|Any CPU.ActiveCfg = Release|Any CPU
		{D551106A-47C3-4B24-BC6F-06F3DEAC0716}.Release|Any CPU.Build.0 = Release|Any CPU
		{D551106A-47C3-4B24-BC6F-06F3DEAC0716}.Release|Any CPU.Deploy.0 = Release|Any CPU
		{D551106A-47C3-4B24-BC6F-06F3DEAC0716}.Release|iPhone.ActiveCfg = Release|Any CPU
		{D551106A-47C3-4B24-BC6F-06F3DEAC0716}.Release|iPhone.Build.0 = Release|Any CPU
		{D551106A-47C3-4B24-BC6F-06F3DEAC0716}.Release|iPhone.Deploy.0 = Release|Any CPU
		{D551106A-47C3-4B24-BC6F-06F3DEAC0716}.Release|iPhoneSimulator.ActiveCfg = Release|Any CPU
		{D551106A-47C3-4B24-BC6F-06F3DEAC0716}.Release|iPhoneSimulator.Build.0 = Release|Any CPU
		{D551106A-47C3-4B24-BC6F-06F3DEAC0716}.Release|iPhoneSimulator.Deploy.0 = Release|Any CPU
		{644A0EAD-5DF8-46C5-97E9-4EBC00A5261B}.Ad-Hoc|Any CPU.ActiveCfg = Ad-Hoc|iPhone
		{644A0EAD-5DF8-46C5-97E9-4EBC00A5261B}.Ad-Hoc|Any CPU.Build.0 = Ad-Hoc|iPhone
		{644A0EAD-5DF8-46C5-97E9-4EBC00A5261B}.Ad-Hoc|Any CPU.Deploy.0 = Ad-Hoc|iPhone
		{644A0EAD-5DF8-46C5-97E9-4EBC00A5261B}.Ad-Hoc|iPhone.ActiveCfg = Ad-Hoc|iPhone
		{644A0EAD-5DF8-46C5-97E9-4EBC00A5261B}.Ad-Hoc|iPhone.Build.0 = Ad-Hoc|iPhone
		{644A0EAD-5DF8-46C5-97E9-4EBC00A5261B}.Ad-Hoc|iPhone.Deploy.0 = Ad-Hoc|iPhone
		{644A0EAD-5DF8-46C5-97E9-4EBC00A5261B}.Ad-Hoc|iPhoneSimulator.ActiveCfg = Ad-Hoc|iPhoneSimulator
		{644A0EAD-5DF8-46C5-97E9-4EBC00A5261B}.Ad-Hoc|iPhoneSimulator.Build.0 = Ad-Hoc|iPhoneSimulator
		{644A0EAD-5DF8-46C5-97E9-4EBC00A5261B}.Ad-Hoc|iPhoneSimulator.Deploy.0 = Ad-Hoc|iPhoneSimulator
		{644A0EAD-5DF8-46C5-97E9-4EBC00A5261B}.AppStore|Any CPU.ActiveCfg = AppStore|iPhone
		{644A0EAD-5DF8-46C5-97E9-4EBC00A5261B}.AppStore|Any CPU.Build.0 = AppStore|iPhone
		{644A0EAD-5DF8-46C5-97E9-4EBC00A5261B}.AppStore|Any CPU.Deploy.0 = AppStore|iPhone
		{644A0EAD-5DF8-46C5-97E9-4EBC00A5261B}.AppStore|iPhone.ActiveCfg = AppStore|iPhone
		{644A0EAD-5DF8-46C5-97E9-4EBC00A5261B}.AppStore|iPhone.Build.0 = AppStore|iPhone
		{644A0EAD-5DF8-46C5-97E9-4EBC00A5261B}.AppStore|iPhone.Deploy.0 = AppStore|iPhone
		{644A0EAD-5DF8-46C5-97E9-4EBC00A5261B}.AppStore|iPhoneSimulator.ActiveCfg = AppStore|iPhoneSimulator
		{644A0EAD-5DF8-46C5-97E9-4EBC00A5261B}.AppStore|iPhoneSimulator.Build.0 = AppStore|iPhoneSimulator
		{644A0EAD-5DF8-46C5-97E9-4EBC00A5261B}.AppStore|iPhoneSimulator.Deploy.0 = AppStore|iPhoneSimulator
		{644A0EAD-5DF8-46C5-97E9-4EBC00A5261B}.Debug|Any CPU.ActiveCfg = Debug|iPhoneSimulator
		{644A0EAD-5DF8-46C5-97E9-4EBC00A5261B}.Debug|Any CPU.Build.0 = Debug|iPhoneSimulator
		{644A0EAD-5DF8-46C5-97E9-4EBC00A5261B}.Debug|Any CPU.Deploy.0 = Debug|iPhoneSimulator
		{644A0EAD-5DF8-46C5-97E9-4EBC00A5261B}.Debug|iPhone.ActiveCfg = Debug|iPhone
		{644A0EAD-5DF8-46C5-97E9-4EBC00A5261B}.Debug|iPhone.Build.0 = Debug|iPhone
		{644A0EAD-5DF8-46C5-97E9-4EBC00A5261B}.Debug|iPhone.Deploy.0 = Debug|iPhone
		{644A0EAD-5DF8-46C5-97E9-4EBC00A5261B}.Debug|iPhoneSimulator.ActiveCfg = Debug|iPhoneSimulator
		{644A0EAD-5DF8-46C5-97E9-4EBC00A5261B}.Debug|iPhoneSimulator.Build.0 = Debug|iPhoneSimulator
		{644A0EAD-5DF8-46C5-97E9-4EBC00A5261B}.Debug|iPhoneSimulator.Deploy.0 = Debug|iPhoneSimulator
		{644A0EAD-5DF8-46C5-97E9-4EBC00A5261B}.Release|Any CPU.ActiveCfg = Release|iPhone
		{644A0EAD-5DF8-46C5-97E9-4EBC00A5261B}.Release|Any CPU.Build.0 = Release|iPhone
		{644A0EAD-5DF8-46C5-97E9-4EBC00A5261B}.Release|Any CPU.Deploy.0 = Release|iPhone
		{644A0EAD-5DF8-46C5-97E9-4EBC00A5261B}.Release|iPhone.ActiveCfg = Release|iPhone
		{644A0EAD-5DF8-46C5-97E9-4EBC00A5261B}.Release|iPhone.Build.0 = Release|iPhone
		{644A0EAD-5DF8-46C5-97E9-4EBC00A5261B}.Release|iPhone.Deploy.0 = Release|iPhone
		{644A0EAD-5DF8-46C5-97E9-4EBC00A5261B}.Release|iPhoneSimulator.ActiveCfg = Release|iPhoneSimulator
		{644A0EAD-5DF8-46C5-97E9-4EBC00A5261B}.Release|iPhoneSimulator.Build.0 = Release|iPhoneSimulator
		{644A0EAD-5DF8-46C5-97E9-4EBC00A5261B}.Release|iPhoneSimulator.Deploy.0 = Release|iPhoneSimulator
		{3C271704-711B-461E-A3CB-D8AC10DB8456}.Ad-Hoc|Any CPU.ActiveCfg = Debug|Any CPU
		{3C271704-711B-461E-A3CB-D8AC10DB8456}.Ad-Hoc|Any CPU.Build.0 = Debug|Any CPU
		{3C271704-711B-461E-A3CB-D8AC10DB8456}.Ad-Hoc|Any CPU.Deploy.0 = Debug|Any CPU
		{3C271704-711B-461E-A3CB-D8AC10DB8456}.Ad-Hoc|iPhone.ActiveCfg = Debug|Any CPU
		{3C271704-711B-461E-A3CB-D8AC10DB8456}.Ad-Hoc|iPhone.Build.0 = Debug|Any CPU
		{3C271704-711B-461E-A3CB-D8AC10DB8456}.Ad-Hoc|iPhone.Deploy.0 = Debug|Any CPU
		{3C271704-711B-461E-A3CB-D8AC10DB8456}.Ad-Hoc|iPhoneSimulator.ActiveCfg = Debug|Any CPU
		{3C271704-711B-461E-A3CB-D8AC10DB8456}.Ad-Hoc|iPhoneSimulator.Build.0 = Debug|Any CPU
		{3C271704-711B-461E-A3CB-D8AC10DB8456}.Ad-Hoc|iPhoneSimulator.Deploy.0 = Debug|Any CPU
		{3C271704-711B-461E-A3CB-D8AC10DB8456}.AppStore|Any CPU.ActiveCfg = Debug|Any CPU
		{3C271704-711B-461E-A3CB-D8AC10DB8456}.AppStore|Any CPU.Build.0 = Debug|Any CPU
		{3C271704-711B-461E-A3CB-D8AC10DB8456}.AppStore|Any CPU.Deploy.0 = Debug|Any CPU
		{3C271704-711B-461E-A3CB-D8AC10DB8456}.AppStore|iPhone.ActiveCfg = Debug|Any CPU
		{3C271704-711B-461E-A3CB-D8AC10DB8456}.AppStore|iPhone.Build.0 = Debug|Any CPU
		{3C271704-711B-461E-A3CB-D8AC10DB8456}.AppStore|iPhone.Deploy.0 = Debug|Any CPU
		{3C271704-711B-461E-A3CB-D8AC10DB8456}.AppStore|iPhoneSimulator.ActiveCfg = Debug|Any CPU
		{3C271704-711B-461E-A3CB-D8AC10DB8456}.AppStore|iPhoneSimulator.Build.0 = Debug|Any CPU
		{3C271704-711B-461E-A3CB-D8AC10DB8456}.AppStore|iPhoneSimulator.Deploy.0 = Debug|Any CPU
		{3C271704-711B-461E-A3CB-D8AC10DB8456}.Debug|Any CPU.ActiveCfg = Debug|Any CPU
		{3C271704-711B-461E-A3CB-D8AC10DB8456}.Debug|Any CPU.Build.0 = Debug|Any CPU
		{3C271704-711B-461E-A3CB-D8AC10DB8456}.Debug|Any CPU.Deploy.0 = Debug|Any CPU
		{3C271704-711B-461E-A3CB-D8AC10DB8456}.Debug|iPhone.ActiveCfg = Debug|Any CPU
		{3C271704-711B-461E-A3CB-D8AC10DB8456}.Debug|iPhone.Build.0 = Debug|Any CPU
		{3C271704-711B-461E-A3CB-D8AC10DB8456}.Debug|iPhone.Deploy.0 = Debug|Any CPU
		{3C271704-711B-461E-A3CB-D8AC10DB8456}.Debug|iPhoneSimulator.ActiveCfg = Debug|Any CPU
		{3C271704-711B-461E-A3CB-D8AC10DB8456}.Debug|iPhoneSimulator.Build.0 = Debug|Any CPU
		{3C271704-711B-461E-A3CB-D8AC10DB8456}.Debug|iPhoneSimulator.Deploy.0 = Debug|Any CPU
		{3C271704-711B-461E-A3CB-D8AC10DB8456}.Release|Any CPU.ActiveCfg = Release|Any CPU
		{3C271704-711B-461E-A3CB-D8AC10DB8456}.Release|Any CPU.Build.0 = Release|Any CPU
		{3C271704-711B-461E-A3CB-D8AC10DB8456}.Release|Any CPU.Deploy.0 = Release|Any CPU
		{3C271704-711B-461E-A3CB-D8AC10DB8456}.Release|iPhone.ActiveCfg = Release|Any CPU
		{3C271704-711B-461E-A3CB-D8AC10DB8456}.Release|iPhone.Build.0 = Release|Any CPU
		{3C271704-711B-461E-A3CB-D8AC10DB8456}.Release|iPhone.Deploy.0 = Release|Any CPU
		{3C271704-711B-461E-A3CB-D8AC10DB8456}.Release|iPhoneSimulator.ActiveCfg = Release|Any CPU
		{3C271704-711B-461E-A3CB-D8AC10DB8456}.Release|iPhoneSimulator.Build.0 = Release|Any CPU
		{3C271704-711B-461E-A3CB-D8AC10DB8456}.Release|iPhoneSimulator.Deploy.0 = Release|Any CPU
		{E6C84823-0627-4237-B7D5-F0355A790D48}.Ad-Hoc|Any CPU.ActiveCfg = Release|Any CPU
		{E6C84823-0627-4237-B7D5-F0355A790D48}.Ad-Hoc|Any CPU.Build.0 = Release|Any CPU
		{E6C84823-0627-4237-B7D5-F0355A790D48}.Ad-Hoc|iPhone.ActiveCfg = Release|Any CPU
		{E6C84823-0627-4237-B7D5-F0355A790D48}.Ad-Hoc|iPhone.Build.0 = Release|Any CPU
		{E6C84823-0627-4237-B7D5-F0355A790D48}.Ad-Hoc|iPhoneSimulator.ActiveCfg = Release|Any CPU
		{E6C84823-0627-4237-B7D5-F0355A790D48}.Ad-Hoc|iPhoneSimulator.Build.0 = Release|Any CPU
		{E6C84823-0627-4237-B7D5-F0355A790D48}.AppStore|Any CPU.ActiveCfg = Release|Any CPU
		{E6C84823-0627-4237-B7D5-F0355A790D48}.AppStore|Any CPU.Build.0 = Release|Any CPU
		{E6C84823-0627-4237-B7D5-F0355A790D48}.AppStore|iPhone.ActiveCfg = Release|Any CPU
		{E6C84823-0627-4237-B7D5-F0355A790D48}.AppStore|iPhone.Build.0 = Release|Any CPU
		{E6C84823-0627-4237-B7D5-F0355A790D48}.AppStore|iPhoneSimulator.ActiveCfg = Release|Any CPU
		{E6C84823-0627-4237-B7D5-F0355A790D48}.AppStore|iPhoneSimulator.Build.0 = Release|Any CPU
		{E6C84823-0627-4237-B7D5-F0355A790D48}.Debug|Any CPU.ActiveCfg = Debug|Any CPU
		{E6C84823-0627-4237-B7D5-F0355A790D48}.Debug|Any CPU.Build.0 = Debug|Any CPU
		{E6C84823-0627-4237-B7D5-F0355A790D48}.Debug|iPhone.ActiveCfg = Debug|Any CPU
		{E6C84823-0627-4237-B7D5-F0355A790D48}.Debug|iPhone.Build.0 = Debug|Any CPU
		{E6C84823-0627-4237-B7D5-F0355A790D48}.Debug|iPhoneSimulator.ActiveCfg = Debug|Any CPU
		{E6C84823-0627-4237-B7D5-F0355A790D48}.Debug|iPhoneSimulator.Build.0 = Debug|Any CPU
		{E6C84823-0627-4237-B7D5-F0355A790D48}.Release|Any CPU.ActiveCfg = Release|Any CPU
		{E6C84823-0627-4237-B7D5-F0355A790D48}.Release|Any CPU.Build.0 = Release|Any CPU
		{E6C84823-0627-4237-B7D5-F0355A790D48}.Release|iPhone.ActiveCfg = Release|Any CPU
		{E6C84823-0627-4237-B7D5-F0355A790D48}.Release|iPhone.Build.0 = Release|Any CPU
		{E6C84823-0627-4237-B7D5-F0355A790D48}.Release|iPhoneSimulator.ActiveCfg = Release|Any CPU
		{E6C84823-0627-4237-B7D5-F0355A790D48}.Release|iPhoneSimulator.Build.0 = Release|Any CPU
		{8FB834CC-B381-4EFF-AF43-952A4FD9DDAB}.Ad-Hoc|Any CPU.ActiveCfg = Release|Any CPU
		{8FB834CC-B381-4EFF-AF43-952A4FD9DDAB}.Ad-Hoc|Any CPU.Build.0 = Release|Any CPU
		{8FB834CC-B381-4EFF-AF43-952A4FD9DDAB}.Ad-Hoc|iPhone.ActiveCfg = Release|Any CPU
		{8FB834CC-B381-4EFF-AF43-952A4FD9DDAB}.Ad-Hoc|iPhone.Build.0 = Release|Any CPU
		{8FB834CC-B381-4EFF-AF43-952A4FD9DDAB}.Ad-Hoc|iPhoneSimulator.ActiveCfg = Release|Any CPU
		{8FB834CC-B381-4EFF-AF43-952A4FD9DDAB}.Ad-Hoc|iPhoneSimulator.Build.0 = Release|Any CPU
		{8FB834CC-B381-4EFF-AF43-952A4FD9DDAB}.AppStore|Any CPU.ActiveCfg = Release|Any CPU
		{8FB834CC-B381-4EFF-AF43-952A4FD9DDAB}.AppStore|Any CPU.Build.0 = Release|Any CPU
		{8FB834CC-B381-4EFF-AF43-952A4FD9DDAB}.AppStore|iPhone.ActiveCfg = Release|Any CPU
		{8FB834CC-B381-4EFF-AF43-952A4FD9DDAB}.AppStore|iPhone.Build.0 = Release|Any CPU
		{8FB834CC-B381-4EFF-AF43-952A4FD9DDAB}.AppStore|iPhoneSimulator.ActiveCfg = Release|Any CPU
		{8FB834CC-B381-4EFF-AF43-952A4FD9DDAB}.AppStore|iPhoneSimulator.Build.0 = Release|Any CPU
		{8FB834CC-B381-4EFF-AF43-952A4FD9DDAB}.Debug|Any CPU.ActiveCfg = Debug|Any CPU
		{8FB834CC-B381-4EFF-AF43-952A4FD9DDAB}.Debug|Any CPU.Build.0 = Debug|Any CPU
		{8FB834CC-B381-4EFF-AF43-952A4FD9DDAB}.Debug|iPhone.ActiveCfg = Debug|Any CPU
		{8FB834CC-B381-4EFF-AF43-952A4FD9DDAB}.Debug|iPhone.Build.0 = Debug|Any CPU
		{8FB834CC-B381-4EFF-AF43-952A4FD9DDAB}.Debug|iPhoneSimulator.ActiveCfg = Debug|Any CPU
		{8FB834CC-B381-4EFF-AF43-952A4FD9DDAB}.Debug|iPhoneSimulator.Build.0 = Debug|Any CPU
		{8FB834CC-B381-4EFF-AF43-952A4FD9DDAB}.Release|Any CPU.ActiveCfg = Release|Any CPU
		{8FB834CC-B381-4EFF-AF43-952A4FD9DDAB}.Release|Any CPU.Build.0 = Release|Any CPU
		{8FB834CC-B381-4EFF-AF43-952A4FD9DDAB}.Release|iPhone.ActiveCfg = Release|Any CPU
		{8FB834CC-B381-4EFF-AF43-952A4FD9DDAB}.Release|iPhone.Build.0 = Release|Any CPU
		{8FB834CC-B381-4EFF-AF43-952A4FD9DDAB}.Release|iPhoneSimulator.ActiveCfg = Release|Any CPU
		{8FB834CC-B381-4EFF-AF43-952A4FD9DDAB}.Release|iPhoneSimulator.Build.0 = Release|Any CPU
		{F426EF94-3AE4-4B2F-9087-12854CA54EFB}.Ad-Hoc|Any CPU.ActiveCfg = Release|Any CPU
		{F426EF94-3AE4-4B2F-9087-12854CA54EFB}.Ad-Hoc|Any CPU.Build.0 = Release|Any CPU
		{F426EF94-3AE4-4B2F-9087-12854CA54EFB}.Ad-Hoc|iPhone.ActiveCfg = Release|Any CPU
		{F426EF94-3AE4-4B2F-9087-12854CA54EFB}.Ad-Hoc|iPhone.Build.0 = Release|Any CPU
		{F426EF94-3AE4-4B2F-9087-12854CA54EFB}.Ad-Hoc|iPhoneSimulator.ActiveCfg = Release|Any CPU
		{F426EF94-3AE4-4B2F-9087-12854CA54EFB}.Ad-Hoc|iPhoneSimulator.Build.0 = Release|Any CPU
		{F426EF94-3AE4-4B2F-9087-12854CA54EFB}.AppStore|Any CPU.ActiveCfg = Release|Any CPU
		{F426EF94-3AE4-4B2F-9087-12854CA54EFB}.AppStore|Any CPU.Build.0 = Release|Any CPU
		{F426EF94-3AE4-4B2F-9087-12854CA54EFB}.AppStore|iPhone.ActiveCfg = Release|Any CPU
		{F426EF94-3AE4-4B2F-9087-12854CA54EFB}.AppStore|iPhone.Build.0 = Release|Any CPU
		{F426EF94-3AE4-4B2F-9087-12854CA54EFB}.AppStore|iPhoneSimulator.ActiveCfg = Release|Any CPU
		{F426EF94-3AE4-4B2F-9087-12854CA54EFB}.AppStore|iPhoneSimulator.Build.0 = Release|Any CPU
		{F426EF94-3AE4-4B2F-9087-12854CA54EFB}.Debug|Any CPU.ActiveCfg = Debug|Any CPU
		{F426EF94-3AE4-4B2F-9087-12854CA54EFB}.Debug|Any CPU.Build.0 = Debug|Any CPU
		{F426EF94-3AE4-4B2F-9087-12854CA54EFB}.Debug|iPhone.ActiveCfg = Debug|Any CPU
		{F426EF94-3AE4-4B2F-9087-12854CA54EFB}.Debug|iPhone.Build.0 = Debug|Any CPU
		{F426EF94-3AE4-4B2F-9087-12854CA54EFB}.Debug|iPhoneSimulator.ActiveCfg = Debug|Any CPU
		{F426EF94-3AE4-4B2F-9087-12854CA54EFB}.Debug|iPhoneSimulator.Build.0 = Debug|Any CPU
		{F426EF94-3AE4-4B2F-9087-12854CA54EFB}.Release|Any CPU.ActiveCfg = Release|Any CPU
		{F426EF94-3AE4-4B2F-9087-12854CA54EFB}.Release|Any CPU.Build.0 = Release|Any CPU
		{F426EF94-3AE4-4B2F-9087-12854CA54EFB}.Release|iPhone.ActiveCfg = Release|Any CPU
		{F426EF94-3AE4-4B2F-9087-12854CA54EFB}.Release|iPhone.Build.0 = Release|Any CPU
		{F426EF94-3AE4-4B2F-9087-12854CA54EFB}.Release|iPhoneSimulator.ActiveCfg = Release|Any CPU
		{F426EF94-3AE4-4B2F-9087-12854CA54EFB}.Release|iPhoneSimulator.Build.0 = Release|Any CPU
		{403E8AC5-54DF-468C-89E7-F44B9775A370}.Ad-Hoc|Any CPU.ActiveCfg = Release|Any CPU
		{403E8AC5-54DF-468C-89E7-F44B9775A370}.Ad-Hoc|Any CPU.Build.0 = Release|Any CPU
		{403E8AC5-54DF-468C-89E7-F44B9775A370}.Ad-Hoc|iPhone.ActiveCfg = Release|Any CPU
		{403E8AC5-54DF-468C-89E7-F44B9775A370}.Ad-Hoc|iPhone.Build.0 = Release|Any CPU
		{403E8AC5-54DF-468C-89E7-F44B9775A370}.Ad-Hoc|iPhoneSimulator.ActiveCfg = Release|Any CPU
		{403E8AC5-54DF-468C-89E7-F44B9775A370}.Ad-Hoc|iPhoneSimulator.Build.0 = Release|Any CPU
		{403E8AC5-54DF-468C-89E7-F44B9775A370}.AppStore|Any CPU.ActiveCfg = Release|Any CPU
		{403E8AC5-54DF-468C-89E7-F44B9775A370}.AppStore|Any CPU.Build.0 = Release|Any CPU
		{403E8AC5-54DF-468C-89E7-F44B9775A370}.AppStore|iPhone.ActiveCfg = Release|Any CPU
		{403E8AC5-54DF-468C-89E7-F44B9775A370}.AppStore|iPhone.Build.0 = Release|Any CPU
		{403E8AC5-54DF-468C-89E7-F44B9775A370}.AppStore|iPhoneSimulator.ActiveCfg = Release|Any CPU
		{403E8AC5-54DF-468C-89E7-F44B9775A370}.AppStore|iPhoneSimulator.Build.0 = Release|Any CPU
		{403E8AC5-54DF-468C-89E7-F44B9775A370}.Debug|Any CPU.ActiveCfg = Debug|Any CPU
		{403E8AC5-54DF-468C-89E7-F44B9775A370}.Debug|Any CPU.Build.0 = Debug|Any CPU
		{403E8AC5-54DF-468C-89E7-F44B9775A370}.Debug|iPhone.ActiveCfg = Debug|Any CPU
		{403E8AC5-54DF-468C-89E7-F44B9775A370}.Debug|iPhone.Build.0 = Debug|Any CPU
		{403E8AC5-54DF-468C-89E7-F44B9775A370}.Debug|iPhoneSimulator.ActiveCfg = Debug|Any CPU
		{403E8AC5-54DF-468C-89E7-F44B9775A370}.Debug|iPhoneSimulator.Build.0 = Debug|Any CPU
		{403E8AC5-54DF-468C-89E7-F44B9775A370}.Release|Any CPU.ActiveCfg = Release|Any CPU
		{403E8AC5-54DF-468C-89E7-F44B9775A370}.Release|Any CPU.Build.0 = Release|Any CPU
		{403E8AC5-54DF-468C-89E7-F44B9775A370}.Release|iPhone.ActiveCfg = Release|Any CPU
		{403E8AC5-54DF-468C-89E7-F44B9775A370}.Release|iPhone.Build.0 = Release|Any CPU
		{403E8AC5-54DF-468C-89E7-F44B9775A370}.Release|iPhoneSimulator.ActiveCfg = Release|Any CPU
		{403E8AC5-54DF-468C-89E7-F44B9775A370}.Release|iPhoneSimulator.Build.0 = Release|Any CPU
	EndGlobalSection
	GlobalSection(SolutionProperties) = preSolution
		HideSolutionNode = FALSE
	EndGlobalSection
	GlobalSection(ExtensibilityGlobals) = postSolution
		SolutionGuid = {317B540A-F83C-40BB-8618-E5CBEBD00769}
	EndGlobalSection
EndGlobal
